
Microsoft Visual Studio Solution File, Format Version 11.00
# Visual Studio 2010
Project("{FAE04EC0-301F-11D3-BF4B-00C04F79EFBC}") = "AzureCdnMe.Sample.Web", "src\AzureCdnMe.Sample.Web\AzureCdnMe.Sample.Web.csproj", "{5836FF6D-421D-4C5F-A035-9D8BE180B49F}"
EndProject
Project("{2150E333-8FDC-42A3-9474-1A3956D46DE8}") = ".nuget", ".nuget", "{AEA10B76-082A-4E8C-B476-70662AFFF998}"
	ProjectSection(SolutionItems) = preProject
		.nuget\NuGet.Config = .nuget\NuGet.Config
		.nuget\NuGet.exe = .nuget\NuGet.exe
		.nuget\NuGet.targets = .nuget\NuGet.targets
	EndProjectSection
EndProject
Project("{CC5FD16D-436D-48AD-A40C-5A424C6E3E79}") = "AzureCdnMe.Sample.Cloud", "src\AzureCdnMe.Sample.Cloud\AzureCdnMe.Sample.Cloud.ccproj", "{A1B790C1-EBAB-41DC-9E9B-247F1FD52F30}"
EndProject
Project("{FAE04EC0-301F-11D3-BF4B-00C04F79EFBC}") = "AzureCdnMe.Sample.Build", "src\AzureCdnMe.Sample.Build\AzureCdnMe.Sample.Build.csproj", "{BBA8863A-F2E9-43B5-858F-55B3D6DE0E16}"
EndProject
Global
	GlobalSection(SolutionConfigurationPlatforms) = preSolution
		Debug|Any CPU = Debug|Any CPU
		Debug|Mixed Platforms = Debug|Mixed Platforms
		Debug|x86 = Debug|x86
		Release|Any CPU = Release|Any CPU
		Release|Mixed Platforms = Release|Mixed Platforms
		Release|x86 = Release|x86
	EndGlobalSection
	GlobalSection(ProjectConfigurationPlatforms) = postSolution
		{5836FF6D-421D-4C5F-A035-9D8BE180B49F}.Debug|Any CPU.ActiveCfg = Debug|Any CPU
		{5836FF6D-421D-4C5F-A035-9D8BE180B49F}.Debug|Any CPU.Build.0 = Debug|Any CPU
		{5836FF6D-421D-4C5F-A035-9D8BE180B49F}.Debug|Mixed Platforms.ActiveCfg = Debug|Any CPU
		{5836FF6D-421D-4C5F-A035-9D8BE180B49F}.Debug|Mixed Platforms.Build.0 = Debug|Any CPU
		{5836FF6D-421D-4C5F-A035-9D8BE180B49F}.Debug|x86.ActiveCfg = Debug|Any CPU
		{5836FF6D-421D-4C5F-A035-9D8BE180B49F}.Release|Any CPU.ActiveCfg = Release|Any CPU
		{5836FF6D-421D-4C5F-A035-9D8BE180B49F}.Release|Any CPU.Build.0 = Release|Any CPU
		{5836FF6D-421D-4C5F-A035-9D8BE180B49F}.Release|Mixed Platforms.ActiveCfg = Release|Any CPU
		{5836FF6D-421D-4C5F-A035-9D8BE180B49F}.Release|Mixed Platforms.Build.0 = Release|Any CPU
		{5836FF6D-421D-4C5F-A035-9D8BE180B49F}.Release|x86.ActiveCfg = Release|Any CPU
		{A1B790C1-EBAB-41DC-9E9B-247F1FD52F30}.Debug|Any CPU.ActiveCfg = Debug|Any CPU
		{A1B790C1-EBAB-41DC-9E9B-247F1FD52F30}.Debug|Any CPU.Build.0 = Debug|Any CPU
		{A1B790C1-EBAB-41DC-9E9B-247F1FD52F30}.Debug|Mixed Platforms.ActiveCfg = Debug|Any CPU
		{A1B790C1-EBAB-41DC-9E9B-247F1FD52F30}.Debug|Mixed Platforms.Build.0 = Debug|Any CPU
		{A1B790C1-EBAB-41DC-9E9B-247F1FD52F30}.Debug|x86.ActiveCfg = Debug|Any CPU
		{A1B790C1-EBAB-41DC-9E9B-247F1FD52F30}.Release|Any CPU.ActiveCfg = Release|Any CPU
		{A1B790C1-EBAB-41DC-9E9B-247F1FD52F30}.Release|Any CPU.Build.0 = Release|Any CPU
		{A1B790C1-EBAB-41DC-9E9B-247F1FD52F30}.Release|Mixed Platforms.ActiveCfg = Release|Any CPU
		{A1B790C1-EBAB-41DC-9E9B-247F1FD52F30}.Release|Mixed Platforms.Build.0 = Release|Any CPU
		{A1B790C1-EBAB-41DC-9E9B-247F1FD52F30}.Release|x86.ActiveCfg = Release|Any CPU
		{BBA8863A-F2E9-43B5-858F-55B3D6DE0E16}.Debug|Any CPU.ActiveCfg = Debug|x86
		{BBA8863A-F2E9-43B5-858F-55B3D6DE0E16}.Debug|Mixed Platforms.ActiveCfg = Debug|x86
		{BBA8863A-F2E9-43B5-858F-55B3D6DE0E16}.Debug|Mixed Platforms.Build.0 = Debug|x86
		{BBA8863A-F2E9-43B5-858F-55B3D6DE0E16}.Debug|x86.ActiveCfg = Debug|x86
		{BBA8863A-F2E9-43B5-858F-55B3D6DE0E16}.Debug|x86.Build.0 = Debug|x86
		{BBA8863A-F2E9-43B5-858F-55B3D6DE0E16}.Release|Any CPU.ActiveCfg = Release|x86
		{BBA8863A-F2E9-43B5-858F-55B3D6DE0E16}.Release|Mixed Platforms.ActiveCfg = Release|x86
		{BBA8863A-F2E9-43B5-858F-55B3D6DE0E16}.Release|Mixed Platforms.Build.0 = Release|x86
		{BBA8863A-F2E9-43B5-858F-55B3D6DE0E16}.Release|x86.ActiveCfg = Release|x86
		{BBA8863A-F2E9-43B5-858F-55B3D6DE0E16}.Release|x86.Build.0 = Release|x86
	EndGlobalSection
	GlobalSection(SolutionProperties) = preSolution
		HideSolutionNode = FALSE
	EndGlobalSection
EndGlobal
